
Microsoft Visual Studio Solution File, Format Version 12.00
# Visual Studio 15
VisualStudioVersion = 15.0.28010.2016
MinimumVisualStudioVersion = 10.0.40219.1
Project("{FAE04EC0-301F-11D3-BF4B-00C04F79EFBC}") = "TBIKE", "TelerikWpfApp1\TBIKE.csproj", "{A0EE1B3A-3F8B-42E3-9F1B-0DD48777A8ED}"
EndProject
Global
	GlobalSection(SolutionConfigurationPlatforms) = preSolution
		Debug|x64 = Debug|x64
		Debug|x86 = Debug|x86
		Release|x64 = Release|x64
		Release|x86 = Release|x86
	EndGlobalSection
	GlobalSection(ProjectConfigurationPlatforms) = postSolution
		{A0EE1B3A-3F8B-42E3-9F1B-0DD48777A8ED}.Debug|x64.ActiveCfg = Debug|x64
		{A0EE1B3A-3F8B-42E3-9F1B-0DD48777A8ED}.Debug|x64.Build.0 = Debug|x64
		{A0EE1B3A-3F8B-42E3-9F1B-0DD48777A8ED}.Debug|x86.ActiveCfg = Debug|x86
		{A0EE1B3A-3F8B-42E3-9F1B-0DD48777A8ED}.Debug|x86.Build.0 = Debug|x86
		{A0EE1B3A-3F8B-42E3-9F1B-0DD48777A8ED}.Release|x64.ActiveCfg = Release|x64
		{A0EE1B3A-3F8B-42E3-9F1B-0DD48777A8ED}.Release|x64.Build.0 = Release|x64
		{A0EE1B3A-3F8B-42E3-9F1B-0DD48777A8ED}.Release|x86.ActiveCfg = Release|x86
		{A0EE1B3A-3F8B-42E3-9F1B-0DD48777A8ED}.Release|x86.Build.0 = Release|x86
	EndGlobalSection
	GlobalSection(SolutionProperties) = preSolution
		HideSolutionNode = FALSE
	EndGlobalSection
	GlobalSection(ExtensibilityGlobals) = postSolution
		SolutionGuid = {E2EF9DDE-96DE-45F1-B501-BD0C75545EF0}
	EndGlobalSection
EndGlobal
